// !$*UTF8*$!
{
	archiveVersion = 1;
	classes = {
	};
	objectVersion = 55;
	objects = {

/* Begin PBXBuildFile section */
		D0D01CB52815673900FD4E77 /* Palette_SwiftUIApp.swift in Sources */ = {isa = PBXBuildFile; fileRef = D0D01CB42815673900FD4E77 /* Palette_SwiftUIApp.swift */; };
		D0D01CB72815673900FD4E77 /* ContentView.swift in Sources */ = {isa = PBXBuildFile; fileRef = D0D01CB62815673900FD4E77 /* ContentView.swift */; };
		D0D01CB92815673B00FD4E77 /* Assets.xcassets in Resources */ = {isa = PBXBuildFile; fileRef = D0D01CB82815673B00FD4E77 /* Assets.xcassets */; };
		D0D01CBC2815673B00FD4E77 /* Preview Assets.xcassets in Resources */ = {isa = PBXBuildFile; fileRef = D0D01CBB2815673B00FD4E77 /* Preview Assets.xcassets */; };
		D0D01CC42815738B00FD4E77 /* PaletteView.swift in Sources */ = {isa = PBXBuildFile; fileRef = D0D01CC32815738B00FD4E77 /* PaletteView.swift */; };
		D0D01CCA28157A7300FD4E77 /* ColorTextFieldSliderView.swift in Sources */ = {isa = PBXBuildFile; fileRef = D0D01CC928157A7300FD4E77 /* ColorTextFieldSliderView.swift */; };
		D0D01CCC28157ED000FD4E77 /* AlphaTextFieldSliderView.swift in Sources */ = {isa = PBXBuildFile; fileRef = D0D01CCB28157ED000FD4E77 /* AlphaTextFieldSliderView.swift */; };
/* End PBXBuildFile section */

/* Begin PBXFileReference section */
		D0D01CB12815673900FD4E77 /* Palette SwiftUI.app */ = {isa = PBXFileReference; explicitFileType = wrapper.application; includeInIndex = 0; path = "Palette SwiftUI.app"; sourceTree = BUILT_PRODUCTS_DIR; };
		D0D01CB42815673900FD4E77 /* Palette_SwiftUIApp.swift */ = {isa = PBXFileReference; lastKnownFileType = sourcecode.swift; path = Palette_SwiftUIApp.swift; sourceTree = "<group>"; };
		D0D01CB62815673900FD4E77 /* ContentView.swift */ = {isa = PBXFileReference; lastKnownFileType = sourcecode.swift; path = ContentView.swift; sourceTree = "<group>"; };
		D0D01CB82815673B00FD4E77 /* Assets.xcassets */ = {isa = PBXFileReference; lastKnownFileType = folder.assetcatalog; path = Assets.xcassets; sourceTree = "<group>"; };
		D0D01CBB2815673B00FD4E77 /* Preview Assets.xcassets */ = {isa = PBXFileReference; lastKnownFileType = folder.assetcatalog; path = "Preview Assets.xcassets"; sourceTree = "<group>"; };
		D0D01CC32815738B00FD4E77 /* PaletteView.swift */ = {isa = PBXFileReference; lastKnownFileType = sourcecode.swift; path = PaletteView.swift; sourceTree = "<group>"; };
		D0D01CC928157A7300FD4E77 /* ColorTextFieldSliderView.swift */ = {isa = PBXFileReference; lastKnownFileType = sourcecode.swift; path = ColorTextFieldSliderView.swift; sourceTree = "<group>"; };
		D0D01CCB28157ED000FD4E77 /* AlphaTextFieldSliderView.swift */ = {isa = PBXFileReference; lastKnownFileType = sourcecode.swift; path = AlphaTextFieldSliderView.swift; sourceTree = "<group>"; };
/* End PBXFileReference section */

/* Begin PBXFrameworksBuildPhase section */
		D0D01CAE2815673900FD4E77 /* Frameworks */ = {
			isa = PBXFrameworksBuildPhase;
			buildActionMask = 2147483647;
			files = (
			);
			runOnlyForDeploymentPostprocessing = 0;
		};
/* End PBXFrameworksBuildPhase section */

/* Begin PBXGroup section */
		D0D01CA82815673900FD4E77 = {
			isa = PBXGroup;
			children = (
				D0D01CB32815673900FD4E77 /* Palette SwiftUI */,
				D0D01CB22815673900FD4E77 /* Products */,
			);
			sourceTree = "<group>";
		};
		D0D01CB22815673900FD4E77 /* Products */ = {
			isa = PBXGroup;
			children = (
				D0D01CB12815673900FD4E77 /* Palette SwiftUI.app */,
			);
			name = Products;
			sourceTree = "<group>";
		};
		D0D01CB32815673900FD4E77 /* Palette SwiftUI */ = {
			isa = PBXGroup;
			children = (
				D0D01CB62815673900FD4E77 /* ContentView.swift */,
				D0D01CC22815737800FD4E77 /* Palette */,
				D0D01CC828157A5F00FD4E77 /* ColorTextFieldSlider */,
				D0D01CB42815673900FD4E77 /* Palette_SwiftUIApp.swift */,
				D0D01CB82815673B00FD4E77 /* Assets.xcassets */,
				D0D01CBA2815673B00FD4E77 /* Preview Content */,
			);
			path = "Palette SwiftUI";
			sourceTree = "<group>";
		};
		D0D01CBA2815673B00FD4E77 /* Preview Content */ = {
			isa = PBXGroup;
			children = (
				D0D01CBB2815673B00FD4E77 /* Preview Assets.xcassets */,
			);
			path = "Preview Content";
			sourceTree = "<group>";
		};
		D0D01CC22815737800FD4E77 /* Palette */ = {
			isa = PBXGroup;
			children = (
				D0D01CC32815738B00FD4E77 /* PaletteView.swift */,
			);
			path = Palette;
			sourceTree = "<group>";
		};
		D0D01CC828157A5F00FD4E77 /* ColorTextFieldSlider */ = {
			isa = PBXGroup;
			children = (
				D0D01CC928157A7300FD4E77 /* ColorTextFieldSliderView.swift */,
				D0D01CCB28157ED000FD4E77 /* AlphaTextFieldSliderView.swift */,
			);
			path = ColorTextFieldSlider;
			sourceTree = "<group>";
		};
/* End PBXGroup section */

/* Begin PBXNativeTarget section */
		D0D01CB02815673900FD4E77 /* Palette SwiftUI */ = {
			isa = PBXNativeTarget;
			buildConfigurationList = D0D01CBF2815673B00FD4E77 /* Build configuration list for PBXNativeTarget "Palette SwiftUI" */;
			buildPhases = (
				D0D01CAD2815673900FD4E77 /* Sources */,
				D0D01CAE2815673900FD4E77 /* Frameworks */,
				D0D01CAF2815673900FD4E77 /* Resources */,
			);
			buildRules = (
			);
			dependencies = (
			);
			name = "Palette SwiftUI";
			productName = "Palette SwiftUI";
			productReference = D0D01CB12815673900FD4E77 /* Palette SwiftUI.app */;
			productType = "com.apple.product-type.application";
		};
/* End PBXNativeTarget section */

/* Begin PBXProject section */
		D0D01CA92815673900FD4E77 /* Project object */ = {
			isa = PBXProject;
			attributes = {
				BuildIndependentTargetsInParallel = 1;
				LastSwiftUpdateCheck = 1330;
				LastUpgradeCheck = 1330;
				TargetAttributes = {
					D0D01CB02815673900FD4E77 = {
						CreatedOnToolsVersion = 13.3.1;
					};
				};
			};
			buildConfigurationList = D0D01CAC2815673900FD4E77 /* Build configuration list for PBXProject "Palette SwiftUI" */;
			compatibilityVersion = "Xcode 13.0";
			developmentRegion = en;
			hasScannedForEncodings = 0;
			knownRegions = (
				en,
				Base,
			);
			mainGroup = D0D01CA82815673900FD4E77;
			productRefGroup = D0D01CB22815673900FD4E77 /* Products */;
			projectDirPath = "";
			projectRoot = "";
			targets = (
				D0D01CB02815673900FD4E77 /* Palette SwiftUI */,
			);
		};
/* End PBXProject section */

/* Begin PBXResourcesBuildPhase section */
		D0D01CAF2815673900FD4E77 /* Resources */ = {
			isa = PBXResourcesBuildPhase;
			buildActionMask = 2147483647;
			files = (
				D0D01CBC2815673B00FD4E77 /* Preview Assets.xcassets in Resources */,
				D0D01CB92815673B00FD4E77 /* Assets.xcassets in Resources */,
			);
			runOnlyForDeploymentPostprocessing = 0;
		};
/* End PBXResourcesBuildPhase section */

/* Begin PBXSourcesBuildPhase section */
		D0D01CAD2815673900FD4E77 /* Sources */ = {
			isa = PBXSourcesBuildPhase;
			buildActionMask = 2147483647;
			files = (
				D0D01CB72815673900FD4E77 /* ContentView.swift in Sources */,
				D0D01CCC28157ED000FD4E77 /* AlphaTextFieldSliderView.swift in Sources */,
				D0D01CC42815738B00FD4E77 /* PaletteView.swift in Sources */,
				D0D01CB52815673900FD4E77 /* Palette_SwiftUIApp.swift in Sources */,
				D0D01CCA28157A7300FD4E77 /* ColorTextFieldSliderView.swift in Sources */,
			);
			runOnlyForDeploymentPostprocessing = 0;
		};
/* End PBXSourcesBuildPhase section */

/* Begin XCBuildConfiguration section */
		D0D01CBD2815673B00FD4E77 /* Debug */ = {
			isa = XCBuildConfiguration;
			buildSettings = {
				ALWAYS_SEARCH_USER_PATHS = NO;
				CLANG_ANALYZER_NONNULL = YES;
				CLANG_ANALYZER_NUMBER_OBJECT_CONVERSION = YES_AGGRESSIVE;
				CLANG_CXX_LANGUAGE_STANDARD = "gnu++17";
				CLANG_ENABLE_MODULES = YES;
				CLANG_ENABLE_OBJC_ARC = YES;
				CLANG_ENABLE_OBJC_WEAK = YES;
				CLANG_WARN_BLOCK_CAPTURE_AUTORELEASING = YES;
				CLANG_WARN_BOOL_CONVERSION = YES;
				CLANG_WARN_COMMA = YES;
				CLANG_WARN_CONSTANT_CONVERSION = YES;
				CLANG_WARN_DEPRECATED_OBJC_IMPLEMENTATIONS = YES;
				CLANG_WARN_DIRECT_OBJC_ISA_USAGE = YES_ERROR;
				CLANG_WARN_DOCUMENTATION_COMMENTS = YES;
				CLANG_WARN_EMPTY_BODY = YES;
				CLANG_WARN_ENUM_CONVERSION = YES;
				CLANG_WARN_INFINITE_RECURSION = YES;
				CLANG_WARN_INT_CONVERSION = YES;
				CLANG_WARN_NON_LITERAL_NULL_CONVERSION = YES;
				CLANG_WARN_OBJC_IMPLICIT_RETAIN_SELF = YES;
				CLANG_WARN_OBJC_LITERAL_CONVERSION = YES;
				CLANG_WARN_OBJC_ROOT_CLASS = YES_ERROR;
				CLANG_WARN_QUOTED_INCLUDE_IN_FRAMEWORK_HEADER = YES;
				CLANG_WARN_RANGE_LOOP_ANALYSIS = YES;
				CLANG_WARN_STRICT_PROTOTYPES = YES;
				CLANG_WARN_SUSPICIOUS_MOVE = YES;
				CLANG_WARN_UNGUARDED_AVAILABILITY = YES_AGGRESSIVE;
				CLANG_WARN_UNREACHABLE_CODE = YES;
				CLANG_WARN__DUPLICATE_METHOD_MATCH = YES;
				COPY_PHASE_STRIP = NO;
				DEBUG_INFORMATION_FORMAT = dwarf;
				ENABLE_STRICT_OBJC_MSGSEND = YES;
				ENABLE_TESTABILITY = YES;
				GCC_C_LANGUAGE_STANDARD = gnu11;
				GCC_DYNAMIC_NO_PIC = NO;
				GCC_NO_COMMON_BLOCKS = YES;
				GCC_OPTIMIZATION_LEVEL = 0;
				GCC_PREPROCESSOR_DEFINITIONS = (
					"DEBUG=1",
					"$(inherited)",
				);
				GCC_WARN_64_TO_32_BIT_CONVERSION = YES;
				GCC_WARN_ABOUT_RETURN_TYPE = YES_ERROR;
				GCC_WARN_UNDECLARED_SELECTOR = YES;
				GCC_WARN_UNINITIALIZED_AUTOS = YES_AGGRESSIVE;
				GCC_WARN_UNUSED_FUNCTION = YES;
				GCC_WARN_UNUSED_VARIABLE = YES;
				IPHONEOS_DEPLOYMENT_TARGET = 15.4;
				MTL_ENABLE_DEBUG_INFO = INCLUDE_SOURCE;
				MTL_FAST_MATH = YES;
				ONLY_ACTIVE_ARCH = YES;
				SDKROOT = iphoneos;
				SWIFT_ACTIVE_COMPILATION_CONDITIONS = DEBUG;
				SWIFT_OPTIMIZATION_LEVEL = "-Onone";
			};
			name = Debug;
		};
		D0D01CBE2815673B00FD4E77 /* Release */ = {
			isa = XCBuildConfiguration;
			buildSettings = {
				ALWAYS_SEARCH_USER_PATHS = NO;
				CLANG_ANALYZER_NONNULL = YES;
				CLANG_ANALYZER_NUMBER_OBJECT_CONVERSION = YES_AGGRESSIVE;
				CLANG_CXX_LANGUAGE_STANDARD = "gnu++17";
				CLANG_ENABLE_MODULES = YES;
				CLANG_ENABLE_OBJC_ARC = YES;
				CLANG_ENABLE_OBJC_WEAK = YES;
				CLANG_WARN_BLOCK_CAPTURE_AUTORELEASING = YES;
				CLANG_WARN_BOOL_CONVERSION = YES;
				CLANG_WARN_COMMA = YES;
				CLANG_WARN_CONSTANT_CONVERSION = YES;
				CLANG_WARN_DEPRECATED_OBJC_IMPLEMENTATIONS = YES;
				CLANG_WARN_DIRECT_OBJC_ISA_USAGE = YES_ERROR;
				CLANG_WARN_DOCUMENTATION_COMMENTS = YES;
				CLANG_WARN_EMPTY_BODY = YES;
				CLANG_WARN_ENUM_CONVERSION = YES;
				CLANG_WARN_INFINITE_RECURSION = YES;
				CLANG_WARN_INT_CONVERSION = YES;
				CLANG_WARN_NON_LITERAL_NULL_CONVERSION = YES;
				CLANG_WARN_OBJC_IMPLICIT_RETAIN_SELF = YES;
				CLANG_WARN_OBJC_LITERAL_CONVERSION = YES;
				CLANG_WARN_OBJC_ROOT_CLASS = YES_ERROR;
				CLANG_WARN_QUOTED_INCLUDE_IN_FRAMEWORK_HEADER = YES;
				CLANG_WARN_RANGE_LOOP_ANALYSIS = YES;
				CLANG_WARN_STRICT_PROTOTYPES = YES;
				CLANG_WARN_SUSPICIOUS_MOVE = YES;
				CLANG_WARN_UNGUARDED_AVAILABILITY = YES_AGGRESSIVE;
				CLANG_WARN_UNREACHABLE_CODE = YES;
				CLANG_WARN__DUPLICATE_METHOD_MATCH = YES;
				COPY_PHASE_STRIP = NO;
				DEBUG_INFORMATION_FORMAT = "dwarf-with-dsym";
				ENABLE_NS_ASSERTIONS = NO;
				ENABLE_STRICT_OBJC_MSGSEND = YES;
				GCC_C_LANGUAGE_STANDARD = gnu11;
				GCC_NO_COMMON_BLOCKS = YES;
				GCC_WARN_64_TO_32_BIT_CONVERSION = YES;
				GCC_WARN_ABOUT_RETURN_TYPE = YES_ERROR;
				GCC_WARN_UNDECLARED_SELECTOR = YES;
				GCC_WARN_UNINITIALIZED_AUTOS = YES_AGGRESSIVE;
				GCC_WARN_UNUSED_FUNCTION = YES;
				GCC_WARN_UNUSED_VARIABLE = YES;
				IPHONEOS_DEPLOYMENT_TARGET = 15.4;
				MTL_ENABLE_DEBUG_INFO = NO;
				MTL_FAST_MATH = YES;
				SDKROOT = iphoneos;
				SWIFT_COMPILATION_MODE = wholemodule;
				SWIFT_OPTIMIZATION_LEVEL = "-O";
				VALIDATE_PRODUCT = YES;
			};
			name = Release;
		};
		D0D01CC02815673B00FD4E77 /* Debug */ = {
			isa = XCBuildConfiguration;
			buildSettings = {
				ASSETCATALOG_COMPILER_APPICON_NAME = AppIcon;
				ASSETCATALOG_COMPILER_GLOBAL_ACCENT_COLOR_NAME = AccentColor;
				CODE_SIGN_STYLE = Automatic;
				CURRENT_PROJECT_VERSION = 1;
				DEVELOPMENT_ASSET_PATHS = "\"Palette SwiftUI/Preview Content\"";
				DEVELOPMENT_TEAM = S8FBP4YLUA;
				ENABLE_PREVIEWS = YES;
				GENERATE_INFOPLIST_FILE = YES;
				INFOPLIST_KEY_UIApplicationSceneManifest_Generation = YES;
				INFOPLIST_KEY_UIApplicationSupportsIndirectInputEvents = YES;
				INFOPLIST_KEY_UILaunchScreen_Generation = YES;
				INFOPLIST_KEY_UISupportedInterfaceOrientations_iPad = "UIInterfaceOrientationPortrait UIInterfaceOrientationPortraitUpsideDown UIInterfaceOrientationLandscapeLeft UIInterfaceOrientationLandscapeRight";
				INFOPLIST_KEY_UISupportedInterfaceOrientations_iPhone = "UIInterfaceOrientationPortrait UIInterfaceOrientationLandscapeLeft UIInterfaceOrientationLandscapeRight";
				IPHONEOS_DEPLOYMENT_TARGET = 15.0;
				LD_RUNPATH_SEARCH_PATHS = (
					"$(inherited)",
					"@executable_path/Frameworks",
				);
				MARKETING_VERSION = 1.0;
				PRODUCT_BUNDLE_IDENTIFIER = "com...Palette-SwiftUI";
				PRODUCT_NAME = "$(TARGET_NAME)";
				SWIFT_EMIT_LOC_STRINGS = YES;
				SWIFT_VERSION = 5.0;
				TARGETED_DEVICE_FAMILY = "1,2";
			};
			name = Debug;
		};
		D0D01CC12815673B00FD4E77 /* Release */ = {
			isa = XCBuildConfiguration;
			buildSettings = {
				ASSETCATALOG_COMPILER_APPICON_NAME = AppIcon;
				ASSETCATALOG_COMPILER_GLOBAL_ACCENT_COLOR_NAME = AccentColor;
				CODE_SIGN_STYLE = Automatic;
				CURRENT_PROJECT_VERSION = 1;
				DEVELOPMENT_ASSET_PATHS = "\"Palette SwiftUI/Preview Content\"";
				DEVELOPMENT_TEAM = S8FBP4YLUA;
				ENABLE_PREVIEWS = YES;
				GENERATE_INFOPLIST_FILE = YES;
				INFOPLIST_KEY_UIApplicationSceneManifest_Generation = YES;
				INFOPLIST_KEY_UIApplicationSupportsIndirectInputEvents = YES;
				INFOPLIST_KEY_UILaunchScreen_Generation = YES;
				INFOPLIST_KEY_UISupportedInterfaceOrientations_iPad = "UIInterfaceOrientationPortrait UIInterfaceOrientationPortraitUpsideDown UIInterfaceOrientationLandscapeLeft UIInterfaceOrientationLandscapeRight";
				INFOPLIST_KEY_UISupportedInterfaceOrientations_iPhone = "UIInterfaceOrientationPortrait UIInterfaceOrientationLandscapeLeft UIInterfaceOrientationLandscapeRight";
				IPHONEOS_DEPLOYMENT_TARGET = 15.0;
				LD_RUNPATH_SEARCH_PATHS = (
					"$(inherited)",
					"@executable_path/Frameworks",
				);
				MARKETING_VERSION = 1.0;
				PRODUCT_BUNDLE_IDENTIFIER = "com...Palette-SwiftUI";
				PRODUCT_NAME = "$(TARGET_NAME)";
				SWIFT_EMIT_LOC_STRINGS = YES;
				SWIFT_VERSION = 5.0;
				TARGETED_DEVICE_FAMILY = "1,2";
			};
			name = Release;
		};
/* End XCBuildConfiguration section */

/* Begin XCConfigurationList section */
		D0D01CAC2815673900FD4E77 /* Build configuration list for PBXProject "Palette SwiftUI" */ = {
			isa = XCConfigurationList;
			buildConfigurations = (
				D0D01CBD2815673B00FD4E77 /* Debug */,
				D0D01CBE2815673B00FD4E77 /* Release */,
			);
			defaultConfigurationIsVisible = 0;
			defaultConfigurationName = Release;
		};
		D0D01CBF2815673B00FD4E77 /* Build configuration list for PBXNativeTarget "Palette SwiftUI" */ = {
			isa = XCConfigurationList;
			buildConfigurations = (
				D0D01CC02815673B00FD4E77 /* Debug */,
				D0D01CC12815673B00FD4E77 /* Release */,
			);
			defaultConfigurationIsVisible = 0;
			defaultConfigurationName = Release;
		};
/* End XCConfigurationList section */
	};
	rootObject = D0D01CA92815673900FD4E77 /* Project object */;
}
